
Microsoft Visual Studio Solution File, Format Version 12.00
# Visual Studio Version 17
VisualStudioVersion = 17.13.35919.96
MinimumVisualStudioVersion = 10.0.40219.1
Project("{FAE04EC0-301F-11D3-BF4B-00C04F79EFBC}") = "LSTY.Sdtd.ServerAdmin.Shared", "LSTY.Sdtd.ServerAdmin.Shared\LSTY.Sdtd.ServerAdmin.Shared.csproj", "{7E53F95C-3A0C-4EFC-BE31-14DA83B9268C}"
EndProject
Project("{FAE04EC0-301F-11D3-BF4B-00C04F79EFBC}") = "LSTY.Sdtd.ServerAdmin.Overseer", "LSTY.Sdtd.ServerAdmin.Overseer\LSTY.Sdtd.ServerAdmin.Overseer.csproj", "{289FADE8-AE94-49FC-9F2C-AB821059719D}"
EndProject
Project("{FAE04EC0-301F-11D3-BF4B-00C04F79EFBC}") = "LSTY.Sdtd.ServerAdmin.WebApi", "LSTY.Sdtd.ServerAdmin.WebApi\LSTY.Sdtd.ServerAdmin.WebApi.csproj", "{E4F4E395-C358-405F-A66B-F1BB4E82386A}"
EndProject
Project("{2150E333-8FDC-42A3-9474-1A3956D46DE8}") = "1-Mod", "1-Mod", "{02EA681E-C7D8-13C7-8484-4AC65E1B71E8}"
EndProject
Project("{2150E333-8FDC-42A3-9474-1A3956D46DE8}") = "2-Web", "2-Web", "{D3C310B8-7F24-4386-8FC6-FAB08544717D}"
EndProject
Project("{FAE04EC0-301F-11D3-BF4B-00C04F79EFBC}") = "LSTY.Sdtd.ServerAdmin.RpcClient", "LSTY.Sdtd.ServerAdmin.RpcClient\LSTY.Sdtd.ServerAdmin.RpcClient.csproj", "{559D212A-D956-2552-3C52-B7C3E164F942}"
EndProject
Project("{FAE04EC0-301F-11D3-BF4B-00C04F79EFBC}") = "LSTY.Sdtd.ServerAdmin.Data", "LSTY.Sdtd.ServerAdmin.Data\LSTY.Sdtd.ServerAdmin.Data.csproj", "{96F07000-A237-44E2-AFB8-0AA117B0B59A}"
EndProject
Project("{FAE04EC0-301F-11D3-BF4B-00C04F79EFBC}") = "LSTY.Sdtd.ServerAdmin.Services", "LSTY.Sdtd.ServerAdmin.Services\LSTY.Sdtd.ServerAdmin.Services.csproj", "{AA4755AA-72BF-41E5-9219-A19660AED348}"
EndProject
Project("{2150E333-8FDC-42A3-9474-1A3956D46DE8}") = "0-Shared", "0-Shared", "{4C06BB45-E18A-452A-B1E9-414018EED0AC}"
EndProject
Project("{FAE04EC0-301F-11D3-BF4B-00C04F79EFBC}") = "LSTY.Sdtd.ServerAdmin.Mock", "LSTY.Sdtd.ServerAdmin.Mock\LSTY.Sdtd.ServerAdmin.Mock.csproj", "{63B2D6E1-A303-5FDA-9A51-904A2CC5A6FC}"
EndProject
Global
	GlobalSection(SolutionConfigurationPlatforms) = preSolution
		Debug|Any CPU = Debug|Any CPU
		Release|Any CPU = Release|Any CPU
	EndGlobalSection
	GlobalSection(ProjectConfigurationPlatforms) = postSolution
		{7E53F95C-3A0C-4EFC-BE31-14DA83B9268C}.Debug|Any CPU.ActiveCfg = Debug|Any CPU
		{7E53F95C-3A0C-4EFC-BE31-14DA83B9268C}.Debug|Any CPU.Build.0 = Debug|Any CPU
		{7E53F95C-3A0C-4EFC-BE31-14DA83B9268C}.Release|Any CPU.ActiveCfg = Release|Any CPU
		{7E53F95C-3A0C-4EFC-BE31-14DA83B9268C}.Release|Any CPU.Build.0 = Release|Any CPU
		{289FADE8-AE94-49FC-9F2C-AB821059719D}.Debug|Any CPU.ActiveCfg = Debug|Any CPU
		{289FADE8-AE94-49FC-9F2C-AB821059719D}.Debug|Any CPU.Build.0 = Debug|Any CPU
		{289FADE8-AE94-49FC-9F2C-AB821059719D}.Release|Any CPU.ActiveCfg = Release|Any CPU
		{289FADE8-AE94-49FC-9F2C-AB821059719D}.Release|Any CPU.Build.0 = Release|Any CPU
		{E4F4E395-C358-405F-A66B-F1BB4E82386A}.Debug|Any CPU.ActiveCfg = Debug|Any CPU
		{E4F4E395-C358-405F-A66B-F1BB4E82386A}.Debug|Any CPU.Build.0 = Debug|Any CPU
		{E4F4E395-C358-405F-A66B-F1BB4E82386A}.Release|Any CPU.ActiveCfg = Release|Any CPU
		{E4F4E395-C358-405F-A66B-F1BB4E82386A}.Release|Any CPU.Build.0 = Release|Any CPU
		{559D212A-D956-2552-3C52-B7C3E164F942}.Debug|Any CPU.ActiveCfg = Debug|Any CPU
		{559D212A-D956-2552-3C52-B7C3E164F942}.Debug|Any CPU.Build.0 = Debug|Any CPU
		{559D212A-D956-2552-3C52-B7C3E164F942}.Release|Any CPU.ActiveCfg = Release|Any CPU
		{559D212A-D956-2552-3C52-B7C3E164F942}.Release|Any CPU.Build.0 = Release|Any CPU
		{96F07000-A237-44E2-AFB8-0AA117B0B59A}.Debug|Any CPU.ActiveCfg = Debug|Any CPU
		{96F07000-A237-44E2-AFB8-0AA117B0B59A}.Debug|Any CPU.Build.0 = Debug|Any CPU
		{96F07000-A237-44E2-AFB8-0AA117B0B59A}.Release|Any CPU.ActiveCfg = Release|Any CPU
		{96F07000-A237-44E2-AFB8-0AA117B0B59A}.Release|Any CPU.Build.0 = Release|Any CPU
		{AA4755AA-72BF-41E5-9219-A19660AED348}.Debug|Any CPU.ActiveCfg = Debug|Any CPU
		{AA4755AA-72BF-41E5-9219-A19660AED348}.Debug|Any CPU.Build.0 = Debug|Any CPU
		{AA4755AA-72BF-41E5-9219-A19660AED348}.Release|Any CPU.ActiveCfg = Release|Any CPU
		{AA4755AA-72BF-41E5-9219-A19660AED348}.Release|Any CPU.Build.0 = Release|Any CPU
		{63B2D6E1-A303-5FDA-9A51-904A2CC5A6FC}.Debug|Any CPU.ActiveCfg = Debug|Any CPU
		{63B2D6E1-A303-5FDA-9A51-904A2CC5A6FC}.Debug|Any CPU.Build.0 = Debug|Any CPU
		{63B2D6E1-A303-5FDA-9A51-904A2CC5A6FC}.Release|Any CPU.ActiveCfg = Release|Any CPU
		{63B2D6E1-A303-5FDA-9A51-904A2CC5A6FC}.Release|Any CPU.Build.0 = Release|Any CPU
	EndGlobalSection
	GlobalSection(SolutionProperties) = preSolution
		HideSolutionNode = FALSE
	EndGlobalSection
	GlobalSection(NestedProjects) = preSolution
		{7E53F95C-3A0C-4EFC-BE31-14DA83B9268C} = {4C06BB45-E18A-452A-B1E9-414018EED0AC}
		{289FADE8-AE94-49FC-9F2C-AB821059719D} = {02EA681E-C7D8-13C7-8484-4AC65E1B71E8}
		{E4F4E395-C358-405F-A66B-F1BB4E82386A} = {D3C310B8-7F24-4386-8FC6-FAB08544717D}
		{559D212A-D956-2552-3C52-B7C3E164F942} = {D3C310B8-7F24-4386-8FC6-FAB08544717D}
		{96F07000-A237-44E2-AFB8-0AA117B0B59A} = {D3C310B8-7F24-4386-8FC6-FAB08544717D}
		{AA4755AA-72BF-41E5-9219-A19660AED348} = {D3C310B8-7F24-4386-8FC6-FAB08544717D}
		{63B2D6E1-A303-5FDA-9A51-904A2CC5A6FC} = {02EA681E-C7D8-13C7-8484-4AC65E1B71E8}
	EndGlobalSection
	GlobalSection(ExtensibilityGlobals) = postSolution
		SolutionGuid = {B570F6FE-70B3-4E60-A005-922264A76215}
	EndGlobalSection
EndGlobal
